
Microsoft Visual Studio Solution File, Format Version 12.00
# Visual Studio 14
VisualStudioVersion = 14.0.24720.0
MinimumVisualStudioVersion = 10.0.40219.1
Project("{FAE04EC0-301F-11D3-BF4B-00C04F79EFBC}") = "src", "src\src.csproj", "{89A6197F-EF17-4FB9-8931-48500CECFB5F}"
EndProject
Project("{2150E333-8FDC-42A3-9474-1A3956D46DE8}") = "0", "0", "{B96A8E5F-71EA-475C-95AB-BFCDF620C3E4}"
	ProjectSection(SolutionItems) = preProject
		LICENSE = LICENSE
		README.md = README.md
	EndProjectSection
EndProject
Global
	GlobalSection(SolutionConfigurationPlatforms) = preSolution
		Debug|Any CPU = Debug|Any CPU
		Release|Any CPU = Release|Any CPU
	EndGlobalSection
	GlobalSection(ProjectConfigurationPlatforms) = postSolution
		{89A6197F-EF17-4FB9-8931-48500CECFB5F}.Debug|Any CPU.ActiveCfg = Debug|Any CPU
		{89A6197F-EF17-4FB9-8931-48500CECFB5F}.Debug|Any CPU.Build.0 = Debug|Any CPU
		{89A6197F-EF17-4FB9-8931-48500CECFB5F}.Release|Any CPU.ActiveCfg = Release|Any CPU
		{89A6197F-EF17-4FB9-8931-48500CECFB5F}.Release|Any CPU.Build.0 = Release|Any CPU
	EndGlobalSection
	GlobalSection(SolutionProperties) = preSolution
		HideSolutionNode = FALSE
	EndGlobalSection
EndGlobal
